
Microsoft Visual Studio Solution File, Format Version 12.00
# Visual Studio Version 17
VisualStudioVersion = 17.7.34202.233
MinimumVisualStudioVersion = 10.0.40219.1
Project("{FAE04EC0-301F-11D3-BF4B-00C04F79EFBC}") = "Destination Addons", "Destination Addons\Destination Addons.csproj", "{9ADF5003-93F9-4635-94BB-B22BCEA11F07}"
EndProject
Global
	GlobalSection(SolutionConfigurationPlatforms) = preSolution
		Debug|Any CPU = Debug|Any CPU
		Release|Any CPU = Release|Any CPU
	EndGlobalSection
	GlobalSection(ProjectConfigurationPlatforms) = postSolution
		{9ADF5003-93F9-4635-94BB-B22BCEA11F07}.Debug|Any CPU.ActiveCfg = Debug|Any CPU
		{9ADF5003-93F9-4635-94BB-B22BCEA11F07}.Debug|Any CPU.Build.0 = Debug|Any CPU
		{9ADF5003-93F9-4635-94BB-B22BCEA11F07}.Release|Any CPU.ActiveCfg = Release|Any CPU
		{9ADF5003-93F9-4635-94BB-B22BCEA11F07}.Release|Any CPU.Build.0 = Release|Any CPU
	EndGlobalSection
	GlobalSection(SolutionProperties) = preSolution
		HideSolutionNode = FALSE
	EndGlobalSection
	GlobalSection(ExtensibilityGlobals) = postSolution
		SolutionGuid = {3D6A7704-95F1-4250-AE23-3ABB8EA51716}
	EndGlobalSection
EndGlobal
